
Microsoft Visual Studio Solution File, Format Version 12.00
# Visual Studio Version 17
VisualStudioVersion = 17.0.31903.59
MinimumVisualStudioVersion = 10.0.40219.1
Project("{368DB4A8-9732-41C5-9AE7-7571F819A208}") = "WebHook", "WebHook.csproj", "{F5282DC8-6C14-428D-8420-F0A80D202E69}"
EndProject
Global
	GlobalSection(SolutionConfigurationPlatforms) = preSolution
		Debug|Any CPU = Debug|Any CPU
		Release|Any CPU = Release|Any CPU
	EndGlobalSection
	GlobalSection(ProjectConfigurationPlatforms) = postSolution
		{F5282DC8-6C14-428D-8420-F0A80D202E69}.Debug|Any CPU.ActiveCfg = Debug|Any CPU
		{F5282DC8-6C14-428D-8420-F0A80D202E69}.Debug|Any CPU.Build.0 = Debug|Any CPU
		{F5282DC8-6C14-428D-8420-F0A80D202E69}.Release|Any CPU.ActiveCfg = Release|Any CPU
		{F5282DC8-6C14-428D-8420-F0A80D202E69}.Release|Any CPU.Build.0 = Release|Any CPU
	EndGlobalSection
EndGlobal
